{
    "_readme": [
        "This file locks the dependencies of your project to a known state",
        "Read more about it at http://getcomposer.org/doc/01-basic-usage.md#composer-lock-the-lock-file",
        "This file is @generated automatically"
    ],
    "hash": "6c6a2539eca178c474db031372169bf0",
    "packages": [
        {
            "name": "symfony/expression-language",
            "version": "2.7.x-dev",
            "target-dir": "Symfony/Component/ExpressionLanguage",
            "source": {
                "type": "git",
                "url": "https://github.com/symfony/expression-language.git",
                "reference": "8b8ef6b26153122d9ce87ada7bf56042a499a8b1"
            },
            "dist": {
                "type": "zip",
                "url": "https://api.github.com/repos/symfony/expression-language/zipball/8b8ef6b26153122d9ce87ada7bf56042a499a8b1",
                "reference": "8b8ef6b26153122d9ce87ada7bf56042a499a8b1",
                "shasum": ""
            },
            "require": {
                "php": ">=5.3.3"
            },
            "type": "library",
            "extra": {
                "branch-alias": {
                    "dev-master": "2.7-dev"
                }
            },
            "autoload": {
                "psr-0": {
                    "Symfony\\Component\\ExpressionLanguage\\": ""
                }
            },
            "notification-url": "https://packagist.org/downloads/",
            "license": [
                "MIT"
            ],
            "authors": [
                {
                    "name": "Symfony Community",
                    "homepage": "http://symfony.com/contributors"
                },
                {
                    "name": "Fabien Potencier",
                    "email": "fabien@symfony.com"
                }
            ],
            "description": "Symfony ExpressionLanguage Component",
            "homepage": "http://symfony.com",
            "time": "2014-12-12 16:23:01"
        },
        {
            "name": "symfony/http-foundation",
            "version": "2.7.x-dev",
            "target-dir": "Symfony/Component/HttpFoundation",
            "source": {
                "type": "git",
                "url": "https://github.com/symfony/HttpFoundation.git",
                "reference": "56cc534d8d92afe9e9e585b89a0f9a3ebd28f924"
            },
            "dist": {
                "type": "zip",
                "url": "https://api.github.com/repos/symfony/HttpFoundation/zipball/56cc534d8d92afe9e9e585b89a0f9a3ebd28f924",
                "reference": "56cc534d8d92afe9e9e585b89a0f9a3ebd28f924",
                "shasum": ""
            },
            "require": {
                "php": ">=5.3.3"
            },
            "require-dev": {
                "symfony/expression-language": "~2.4"
            },
            "type": "library",
            "extra": {
                "branch-alias": {
                    "dev-master": "2.7-dev"
                }
            },
            "autoload": {
                "psr-0": {
                    "Symfony\\Component\\HttpFoundation\\": ""
                },
                "classmap": [
                    "Symfony/Component/HttpFoundation/Resources/stubs"
                ]
            },
            "notification-url": "https://packagist.org/downloads/",
            "license": [
                "MIT"
            ],
            "authors": [
                {
                    "name": "Symfony Community",
                    "homepage": "http://symfony.com/contributors"
                },
                {
                    "name": "Fabien Potencier",
                    "email": "fabien@symfony.com"
                }
            ],
            "description": "Symfony HttpFoundation Component",
            "homepage": "http://symfony.com",
            "time": "2014-12-20 16:07:09"
        }
    ],
    "packages-dev": [],
    "aliases": [],
    "minimum-stability": "stable",
    "stability-flags": {
        "symfony/http-foundation": 20,
        "symfony/expression-language": 20
    },
    "prefer-stable": false,
    "prefer-lowest": false,
    "platform": {
        "php": ">=5.5.0",
        "ext-curl": "*"
    },
    "platform-dev": []
}
